
Microsoft Visual Studio Solution File, Format Version 12.00
# Visual Studio Version 17
VisualStudioVersion = 17.14.36414.22
MinimumVisualStudioVersion = 10.0.40219.1
Project("{FAE04EC0-301F-11D3-BF4B-00C04F79EFBC}") = "Business", "Business\Business.csproj", "{00F6EDF2-D2C9-427E-A1CF-C5FC90BB2473}"
EndProject
Project("{FAE04EC0-301F-11D3-BF4B-00C04F79EFBC}") = "Core", "Core\Core.csproj", "{8FC34C05-519F-4668-839A-9164BAF71A12}"
EndProject
Project("{FAE04EC0-301F-11D3-BF4B-00C04F79EFBC}") = "Entities", "Entities\Entities.csproj", "{30CD35DC-6C98-4BC5-B889-42EFB5E97713}"
EndProject
Project("{FAE04EC0-301F-11D3-BF4B-00C04F79EFBC}") = "Repositories", "Repositories\Repositories.csproj", "{AF85690B-0EDC-48BE-9345-E7005760914E}"
EndProject
Project("{FAE04EC0-301F-11D3-BF4B-00C04F79EFBC}") = "WebApi", "WebApi\WebApi.csproj", "{FDD85A65-9202-4C09-8077-EDFE0392392E}"
EndProject
Project("{2150E333-8FDC-42A3-9474-1A3956D46DE8}") = "Solution Items", "Solution Items", "{8EC462FD-D22E-90A8-E5CE-7E832BA40C5D}"
	ProjectSection(SolutionItems) = preProject
		.dockerignore = .dockerignore
		Dockerfile = Dockerfile
	EndProjectSection
EndProject
Global
	GlobalSection(SolutionConfigurationPlatforms) = preSolution
		Debug|Any CPU = Debug|Any CPU
		Release|Any CPU = Release|Any CPU
	EndGlobalSection
	GlobalSection(ProjectConfigurationPlatforms) = postSolution
		{00F6EDF2-D2C9-427E-A1CF-C5FC90BB2473}.Debug|Any CPU.ActiveCfg = Debug|Any CPU
		{00F6EDF2-D2C9-427E-A1CF-C5FC90BB2473}.Debug|Any CPU.Build.0 = Debug|Any CPU
		{00F6EDF2-D2C9-427E-A1CF-C5FC90BB2473}.Release|Any CPU.ActiveCfg = Release|Any CPU
		{00F6EDF2-D2C9-427E-A1CF-C5FC90BB2473}.Release|Any CPU.Build.0 = Release|Any CPU
		{8FC34C05-519F-4668-839A-9164BAF71A12}.Debug|Any CPU.ActiveCfg = Debug|Any CPU
		{8FC34C05-519F-4668-839A-9164BAF71A12}.Debug|Any CPU.Build.0 = Debug|Any CPU
		{8FC34C05-519F-4668-839A-9164BAF71A12}.Release|Any CPU.ActiveCfg = Release|Any CPU
		{8FC34C05-519F-4668-839A-9164BAF71A12}.Release|Any CPU.Build.0 = Release|Any CPU
		{30CD35DC-6C98-4BC5-B889-42EFB5E97713}.Debug|Any CPU.ActiveCfg = Debug|Any CPU
		{30CD35DC-6C98-4BC5-B889-42EFB5E97713}.Debug|Any CPU.Build.0 = Debug|Any CPU
		{30CD35DC-6C98-4BC5-B889-42EFB5E97713}.Release|Any CPU.ActiveCfg = Release|Any CPU
		{30CD35DC-6C98-4BC5-B889-42EFB5E97713}.Release|Any CPU.Build.0 = Release|Any CPU
		{AF85690B-0EDC-48BE-9345-E7005760914E}.Debug|Any CPU.ActiveCfg = Debug|Any CPU
		{AF85690B-0EDC-48BE-9345-E7005760914E}.Debug|Any CPU.Build.0 = Debug|Any CPU
		{AF85690B-0EDC-48BE-9345-E7005760914E}.Release|Any CPU.ActiveCfg = Release|Any CPU
		{AF85690B-0EDC-48BE-9345-E7005760914E}.Release|Any CPU.Build.0 = Release|Any CPU
		{FDD85A65-9202-4C09-8077-EDFE0392392E}.Debug|Any CPU.ActiveCfg = Debug|Any CPU
		{FDD85A65-9202-4C09-8077-EDFE0392392E}.Debug|Any CPU.Build.0 = Debug|Any CPU
		{FDD85A65-9202-4C09-8077-EDFE0392392E}.Release|Any CPU.ActiveCfg = Release|Any CPU
		{FDD85A65-9202-4C09-8077-EDFE0392392E}.Release|Any CPU.Build.0 = Release|Any CPU
	EndGlobalSection
	GlobalSection(SolutionProperties) = preSolution
		HideSolutionNode = FALSE
	EndGlobalSection
	GlobalSection(ExtensibilityGlobals) = postSolution
		SolutionGuid = {1377516D-9A25-4AB8-958A-F19A0E7E263F}
	EndGlobalSection
EndGlobal
